<?xml version="1.0" encoding="utf-8"?>
<Project ToolsVersion="4.0" xmlns="http://schemas.microsoft.com/developer/msbuild/2003">
  <ItemGroup>
    <Filter Include="源文件">
      <UniqueIdentifier>{4FC737F1-C7A5-4376-A066-2A32D752A2FF}</UniqueIdentifier>
      <Extensions>cpp;c;cc;cxx;def;odl;idl;hpj;bat;asm;asmx</Extensions>
    </Filter>
    <Filter Include="头文件">
      <UniqueIdentifier>{93995380-89BD-4b04-88EB-625FBE52EBFB}</UniqueIdentifier>
      <Extensions>h;hh;hpp;hxx;hm;inl;inc;ipp;xsd</Extensions>
    </Filter>
    <Filter Include="资源文件">
      <UniqueIdentifier>{67DA6AB6-F800-4c08-8B7A-83BB121AAD01}</UniqueIdentifier>
      <Extensions>rc;ico;cur;bmp;dlg;rc2;rct;bin;rgs;gif;jpg;jpeg;jpe;resx;tiff;tif;png;wav;mfcribbon-ms</Extensions>
    </Filter>
    <Filter Include="头文件\instr">
      <UniqueIdentifier>{060316d5-4d29-4954-87d8-41f53c1402af}</UniqueIdentifier>
    </Filter>
    <Filter Include="源文件\instr">
      <UniqueIdentifier>{9eeb77d7-28c0-47e1-b383-31139cda3025}</UniqueIdentifier>
    </Filter>
  </ItemGroup>
  <ItemGroup>
    <ClCompile Include="main.c">
      <Filter>源文件</Filter>
    </ClCompile>
    <ClCompile Include="src\alu.c">
      <Filter>源文件</Filter>
    </ClCompile>
    <ClCompile Include="src\memory.c">
      <Filter>源文件</Filter>
    </ClCompile>
    <ClCompile Include="src\utils.c">
      <Filter>源文件</Filter>
    </ClCompile>
    <ClCompile Include="src\instr\inv.c">
      <Filter>源文件\instr</Filter>
    </ClCompile>
    <ClCompile Include="src\decode.c">
      <Filter>源文件</Filter>
    </ClCompile>
    <ClCompile Include="src\cpu.c">
      <Filter>源文件</Filter>
    </ClCompile>
    <ClCompile Include="src\instr\addi.c">
      <Filter>源文件\instr</Filter>
    </ClCompile>
    <ClCompile Include="src\instr\addiu.c">
      <Filter>源文件\instr</Filter>
    </ClCompile>
    <ClCompile Include="src\instr\andi.c">
      <Filter>源文件\instr</Filter>
    </ClCompile>
    <ClCompile Include="src\instr\beq.c">
      <Filter>源文件\instr</Filter>
    </ClCompile>
    <ClCompile Include="src\instr\bne.c">
      <Filter>源文件\instr</Filter>
    </ClCompile>
    <ClCompile Include="src\instr\j.c">
      <Filter>源文件\instr</Filter>
    </ClCompile>
    <ClCompile Include="src\instr\jal.c">
      <Filter>源文件\instr</Filter>
    </ClCompile>
    <ClCompile Include="src\instr\lui.c">
      <Filter>源文件\instr</Filter>
    </ClCompile>
    <ClCompile Include="src\instr\lw.c">
      <Filter>源文件\instr</Filter>
    </ClCompile>
    <ClCompile Include="src\instr\op0.c">
      <Filter>源文件\instr</Filter>
    </ClCompile>
    <ClCompile Include="src\instr\ori.c">
      <Filter>源文件\instr</Filter>
    </ClCompile>
    <ClCompile Include="src\instr\slti.c">
      <Filter>源文件\instr</Filter>
    </ClCompile>
    <ClCompile Include="src\instr\sltiu.c">
      <Filter>源文件\instr</Filter>
    </ClCompile>
    <ClCompile Include="src\instr\sw.c">
      <Filter>源文件\instr</Filter>
    </ClCompile>
    <ClCompile Include="src\instr\xori.c">
      <Filter>源文件\instr</Filter>
    </ClCompile>
    <ClCompile Include="src\kvm.c">
      <Filter>源文件</Filter>
    </ClCompile>
    <ClCompile Include="src\instr\syscall.c">
      <Filter>源文件\instr</Filter>
    </ClCompile>
    <ClCompile Include="src\instr\mul.c">
      <Filter>源文件\instr</Filter>
    </ClCompile>
    <ClCompile Include="src\instr\bgtz.c">
      <Filter>源文件\instr</Filter>
    </ClCompile>
    <ClCompile Include="src\instr\blez.c">
      <Filter>源文件\instr</Filter>
    </ClCompile>
    <ClCompile Include="src\instr\bltz.c">
      <Filter>源文件\instr</Filter>
    </ClCompile>
  </ItemGroup>
  <ItemGroup>
    <ClInclude Include="include\alu.h">
      <Filter>头文件</Filter>
    </ClInclude>
    <ClInclude Include="include\memory.h">
      <Filter>头文件</Filter>
    </ClInclude>
    <ClInclude Include="include\types.h">
      <Filter>头文件</Filter>
    </ClInclude>
    <ClInclude Include="include\utils.h">
      <Filter>头文件</Filter>
    </ClInclude>
    <ClInclude Include="include\instr\inv.h">
      <Filter>头文件\instr</Filter>
    </ClInclude>
    <ClInclude Include="include\decode.h">
      <Filter>头文件</Filter>
    </ClInclude>
    <ClInclude Include="include\instr\instr.h">
      <Filter>头文件\instr</Filter>
    </ClInclude>
    <ClInclude Include="include\cpu.h">
      <Filter>头文件</Filter>
    </ClInclude>
    <ClInclude Include="include\instr\addi.h">
      <Filter>头文件\instr</Filter>
    </ClInclude>
    <ClInclude Include="include\instr\addiu.h">
      <Filter>头文件\instr</Filter>
    </ClInclude>
    <ClInclude Include="include\instr\andi.h">
      <Filter>头文件\instr</Filter>
    </ClInclude>
    <ClInclude Include="include\instr\beq.h">
      <Filter>头文件\instr</Filter>
    </ClInclude>
    <ClInclude Include="include\instr\bne.h">
      <Filter>头文件\instr</Filter>
    </ClInclude>
    <ClInclude Include="include\instr\j.h">
      <Filter>头文件\instr</Filter>
    </ClInclude>
    <ClInclude Include="include\instr\jal.h">
      <Filter>头文件\instr</Filter>
    </ClInclude>
    <ClInclude Include="include\instr\lui.h">
      <Filter>头文件\instr</Filter>
    </ClInclude>
    <ClInclude Include="include\instr\lw.h">
      <Filter>头文件\instr</Filter>
    </ClInclude>
    <ClInclude Include="include\instr\op0.h">
      <Filter>头文件\instr</Filter>
    </ClInclude>
    <ClInclude Include="include\instr\ori.h">
      <Filter>头文件\instr</Filter>
    </ClInclude>
    <ClInclude Include="include\instr\slti.h">
      <Filter>头文件\instr</Filter>
    </ClInclude>
    <ClInclude Include="include\instr\sltiu.h">
      <Filter>头文件\instr</Filter>
    </ClInclude>
    <ClInclude Include="include\instr\sw.h">
      <Filter>头文件\instr</Filter>
    </ClInclude>
    <ClInclude Include="include\instr\xori.h">
      <Filter>头文件\instr</Filter>
    </ClInclude>
    <ClInclude Include="include\kvm.h">
      <Filter>头文件</Filter>
    </ClInclude>
    <ClInclude Include="include\instr\syscall.h">
      <Filter>头文件\instr</Filter>
    </ClInclude>
    <ClInclude Include="include\instr\mul.h">
      <Filter>头文件\instr</Filter>
    </ClInclude>
    <ClInclude Include="include\instr\bgtz.h">
      <Filter>头文件\instr</Filter>
    </ClInclude>
    <ClInclude Include="include\instr\blez.h">
      <Filter>头文件\instr</Filter>
    </ClInclude>
    <ClInclude Include="include\instr\bltz.h">
      <Filter>头文件\instr</Filter>
    </ClInclude>
  </ItemGroup>
</Project>